
Microsoft Visual Studio Solution File, Format Version 12.00
# Visual Studio Version 17
VisualStudioVersion = 17.9.34728.123
MinimumVisualStudioVersion = 10.0.40219.1
Project("{FAE04EC0-301F-11D3-BF4B-00C04F79EFBC}") = "EvcilHayvanWeb", "EvcilHayvanWeb\EvcilHayvanWeb.csproj", "{AA25D31A-D4B9-4CC6-B138-06C0F93312BC}"
EndProject
Global
	GlobalSection(SolutionConfigurationPlatforms) = preSolution
		Debug|Any CPU = Debug|Any CPU
		Release|Any CPU = Release|Any CPU
	EndGlobalSection
	GlobalSection(ProjectConfigurationPlatforms) = postSolution
		{AA25D31A-D4B9-4CC6-B138-06C0F93312BC}.Debug|Any CPU.ActiveCfg = Debug|Any CPU
		{AA25D31A-D4B9-4CC6-B138-06C0F93312BC}.Debug|Any CPU.Build.0 = Debug|Any CPU
		{AA25D31A-D4B9-4CC6-B138-06C0F93312BC}.Release|Any CPU.ActiveCfg = Release|Any CPU
		{AA25D31A-D4B9-4CC6-B138-06C0F93312BC}.Release|Any CPU.Build.0 = Release|Any CPU
	EndGlobalSection
	GlobalSection(SolutionProperties) = preSolution
		HideSolutionNode = FALSE
	EndGlobalSection
	GlobalSection(ExtensibilityGlobals) = postSolution
		SolutionGuid = {9976B8B3-94B4-4B7C-BE81-9A6A8F2E8501}
	EndGlobalSection
EndGlobal
